
Microsoft Visual Studio Solution File, Format Version 12.00
# Visual Studio Version 17
VisualStudioVersion = 17.8.34316.72
MinimumVisualStudioVersion = 10.0.40219.1
Project("{2150E333-8FDC-42A3-9474-1A3956D46DE8}") = "Presentation", "Presentation", "{57BA5508-D7E8-44A5-9385-0B0FC2F46F34}"
EndProject
Project("{9A19103F-16F7-4668-BE54-9A1E7A4F7556}") = "TalentManagementApi.WebApi", "TalentManagementApi.WebApi\TalentManagementApi.WebApi.csproj", "{EE4FA804-D46E-494B-BC03-82678DA2EB7E}"
EndProject
Project("{2150E333-8FDC-42A3-9474-1A3956D46DE8}") = "Core", "Core", "{DD87076A-6006-4422-B4BC-F51D11664321}"
EndProject
Project("{9A19103F-16F7-4668-BE54-9A1E7A4F7556}") = "TalentManagementApi.Application", "TalentManagementApi.Application\TalentManagementApi.Application.csproj", "{9CD4E823-7541-4C48-9C22-0F7E37E017D3}"
EndProject
Project("{9A19103F-16F7-4668-BE54-9A1E7A4F7556}") = "TalentManagementApi.Domain", "TalentManagementApi.Domain\TalentManagementApi.Domain.csproj", "{6AF7A874-47D2-4657-BC9E-F5A9D585979A}"
EndProject
Project("{2150E333-8FDC-42A3-9474-1A3956D46DE8}") = "Infrastructure", "Infrastructure", "{AB75EAB5-9625-4A05-81A4-A5D5E845969C}"
EndProject
Project("{9A19103F-16F7-4668-BE54-9A1E7A4F7556}") = "TalentManagementApi.Infrastructure.Persistence", "TalentManagementApi.Infrastructure.Persistence\TalentManagementApi.Infrastructure.Persistence.csproj", "{A00158C5-A02B-4687-9635-F016CA91A3C3}"
EndProject
Project("{9A19103F-16F7-4668-BE54-9A1E7A4F7556}") = "TalentManagementApi.Infrastructure.Shared", "TalentManagementApi.Infrastructure.Shared\TalentManagementApi.Infrastructure.Shared.csproj", "{CABCEF2A-8965-4291-ABAB-9F8BF6CEBBE8}"
EndProject
Project("{2150E333-8FDC-42A3-9474-1A3956D46DE8}") = "Solution Items", "Solution Items", "{E8E237B0-D7D1-411B-A2E6-793EE3373B89}"
	ProjectSection(SolutionItems) = preProject
		README.md = README.md
	EndProjectSection
EndProject
Global
	GlobalSection(SolutionConfigurationPlatforms) = preSolution
		Debug|Any CPU = Debug|Any CPU
		Release|Any CPU = Release|Any CPU
	EndGlobalSection
	GlobalSection(ProjectConfigurationPlatforms) = postSolution
		{EE4FA804-D46E-494B-BC03-82678DA2EB7E}.Debug|Any CPU.ActiveCfg = Debug|Any CPU
		{EE4FA804-D46E-494B-BC03-82678DA2EB7E}.Debug|Any CPU.Build.0 = Debug|Any CPU
		{EE4FA804-D46E-494B-BC03-82678DA2EB7E}.Release|Any CPU.ActiveCfg = Release|Any CPU
		{EE4FA804-D46E-494B-BC03-82678DA2EB7E}.Release|Any CPU.Build.0 = Release|Any CPU
		{9CD4E823-7541-4C48-9C22-0F7E37E017D3}.Debug|Any CPU.ActiveCfg = Debug|Any CPU
		{9CD4E823-7541-4C48-9C22-0F7E37E017D3}.Debug|Any CPU.Build.0 = Debug|Any CPU
		{9CD4E823-7541-4C48-9C22-0F7E37E017D3}.Release|Any CPU.ActiveCfg = Release|Any CPU
		{9CD4E823-7541-4C48-9C22-0F7E37E017D3}.Release|Any CPU.Build.0 = Release|Any CPU
		{6AF7A874-47D2-4657-BC9E-F5A9D585979A}.Debug|Any CPU.ActiveCfg = Debug|Any CPU
		{6AF7A874-47D2-4657-BC9E-F5A9D585979A}.Debug|Any CPU.Build.0 = Debug|Any CPU
		{6AF7A874-47D2-4657-BC9E-F5A9D585979A}.Release|Any CPU.ActiveCfg = Release|Any CPU
		{6AF7A874-47D2-4657-BC9E-F5A9D585979A}.Release|Any CPU.Build.0 = Release|Any CPU
		{A00158C5-A02B-4687-9635-F016CA91A3C3}.Debug|Any CPU.ActiveCfg = Debug|Any CPU
		{A00158C5-A02B-4687-9635-F016CA91A3C3}.Debug|Any CPU.Build.0 = Debug|Any CPU
		{A00158C5-A02B-4687-9635-F016CA91A3C3}.Release|Any CPU.ActiveCfg = Release|Any CPU
		{A00158C5-A02B-4687-9635-F016CA91A3C3}.Release|Any CPU.Build.0 = Release|Any CPU
		{CABCEF2A-8965-4291-ABAB-9F8BF6CEBBE8}.Debug|Any CPU.ActiveCfg = Debug|Any CPU
		{CABCEF2A-8965-4291-ABAB-9F8BF6CEBBE8}.Debug|Any CPU.Build.0 = Debug|Any CPU
		{CABCEF2A-8965-4291-ABAB-9F8BF6CEBBE8}.Release|Any CPU.ActiveCfg = Release|Any CPU
		{CABCEF2A-8965-4291-ABAB-9F8BF6CEBBE8}.Release|Any CPU.Build.0 = Release|Any CPU
	EndGlobalSection
	GlobalSection(SolutionProperties) = preSolution
		HideSolutionNode = FALSE
	EndGlobalSection
	GlobalSection(NestedProjects) = preSolution
		{EE4FA804-D46E-494B-BC03-82678DA2EB7E} = {57BA5508-D7E8-44A5-9385-0B0FC2F46F34}
		{9CD4E823-7541-4C48-9C22-0F7E37E017D3} = {DD87076A-6006-4422-B4BC-F51D11664321}
		{6AF7A874-47D2-4657-BC9E-F5A9D585979A} = {DD87076A-6006-4422-B4BC-F51D11664321}
		{A00158C5-A02B-4687-9635-F016CA91A3C3} = {AB75EAB5-9625-4A05-81A4-A5D5E845969C}
		{CABCEF2A-8965-4291-ABAB-9F8BF6CEBBE8} = {AB75EAB5-9625-4A05-81A4-A5D5E845969C}
	EndGlobalSection
	GlobalSection(ExtensibilityGlobals) = postSolution
		SolutionGuid = {1E1D0140-9418-4595-92B8-C58562C06E69}
	EndGlobalSection
EndGlobal
